// !$*UTF8*$!
{
	archiveVersion = 1;
	classes = {
	};
	objectVersion = 77;
	objects = {

/* Begin PBXBuildFile section */
		0D7B9E8B5D409E746E79C370 /* RealityKitContent in Frameworks */ = {isa = PBXBuildFile; productRef = D9F70DD0F50636651AFC8D1A /* RealityKitContent */; };
		DB2C480EB011335578DD22A9 /* ContentView.swift in Sources */ = {isa = PBXBuildFile; fileRef = DBE3B1E6D8721A784B874545 /* ContentView.swift */; };
		E601CCEC390CB285311FFA9A /* MyVisionAppTests.swift in Sources */ = {isa = PBXBuildFile; fileRef = 4ED7E8D0EDA6FB7F8C3CD047 /* MyVisionAppTests.swift */; };
		EBE30BF4BB2B0C161D7CA562 /* MyVisionAppApp.swift in Sources */ = {isa = PBXBuildFile; fileRef = AF6CBC88C516C74A95C9D01C /* MyVisionAppApp.swift */; };
/* End PBXBuildFile section */

/* Begin PBXContainerItemProxy section */
		65FF8B405509F81AA60B8149 /* PBXContainerItemProxy */ = {
			isa = PBXContainerItemProxy;
			containerPortal = 65B22056B8607DF9060BDB3F /* Project object */;
			proxyType = 1;
			remoteGlobalIDString = E52EC99BC44891C5AA67F019;
			remoteInfo = MyVisionApp;
		};
/* End PBXContainerItemProxy section */

/* Begin PBXFileReference section */
		1EE4C0E1A52591D1AD096DDC /* RealityKitContent */ = {isa = PBXFileReference; lastKnownFileType = folder; name = RealityKitContent; path = Packages/RealityKitContent; sourceTree = SOURCE_ROOT; };
		410A350F72FF40E07DAF6E73 /* Info.plist */ = {isa = PBXFileReference; lastKnownFileType = text.plist; path = Info.plist; sourceTree = "<group>"; };
		4ED7E8D0EDA6FB7F8C3CD047 /* MyVisionAppTests.swift */ = {isa = PBXFileReference; lastKnownFileType = sourcecode.swift; path = MyVisionAppTests.swift; sourceTree = "<group>"; };
		AF6CBC88C516C74A95C9D01C /* MyVisionAppApp.swift */ = {isa = PBXFileReference; lastKnownFileType = sourcecode.swift; path = MyVisionAppApp.swift; sourceTree = "<group>"; };
		C5014D8A9F0D16C69E2ACEA5 /* MyVisionAppTests.xctest */ = {isa = PBXFileReference; includeInIndex = 0; lastKnownFileType = wrapper.cfbundle; path = MyVisionAppTests.xctest; sourceTree = BUILT_PRODUCTS_DIR; };
		CF2235745374A40B549A8835 /* MyVisionApp.app */ = {isa = PBXFileReference; includeInIndex = 0; lastKnownFileType = wrapper.application; path = MyVisionApp.app; sourceTree = BUILT_PRODUCTS_DIR; };
		DBE3B1E6D8721A784B874545 /* ContentView.swift */ = {isa = PBXFileReference; lastKnownFileType = sourcecode.swift; path = ContentView.swift; sourceTree = "<group>"; };
/* End PBXFileReference section */

/* Begin PBXFrameworksBuildPhase section */
		FC1894D57A2AA5B7D8038F92 /* Frameworks */ = {
			isa = PBXFrameworksBuildPhase;
			buildActionMask = 2147483647;
			files = (
				0D7B9E8B5D409E746E79C370 /* RealityKitContent in Frameworks */,
			);
			runOnlyForDeploymentPostprocessing = 0;
		};
/* End PBXFrameworksBuildPhase section */

/* Begin PBXGroup section */
		38C63E128ED64845AED6ED2D = {
			isa = PBXGroup;
			children = (
				4E73C5342F5547D383415FF5 /* MyVisionApp */,
				576867495645644329BE9FDB /* MyVisionAppTests */,
				729C4D805FEA1999A37FDC1B /* Packages */,
				81DCA5E004F83BB98F422ED1 /* Products */,
			);
			sourceTree = "<group>";
		};
		4E73C5342F5547D383415FF5 /* MyVisionApp */ = {
			isa = PBXGroup;
			children = (
				DBE3B1E6D8721A784B874545 /* ContentView.swift */,
				410A350F72FF40E07DAF6E73 /* Info.plist */,
				AF6CBC88C516C74A95C9D01C /* MyVisionAppApp.swift */,
			);
			path = MyVisionApp;
			sourceTree = "<group>";
		};
		576867495645644329BE9FDB /* MyVisionAppTests */ = {
			isa = PBXGroup;
			children = (
				4ED7E8D0EDA6FB7F8C3CD047 /* MyVisionAppTests.swift */,
			);
			path = MyVisionAppTests;
			sourceTree = "<group>";
		};
		729C4D805FEA1999A37FDC1B /* Packages */ = {
			isa = PBXGroup;
			children = (
				1EE4C0E1A52591D1AD096DDC /* RealityKitContent */,
			);
			path = Packages;
			sourceTree = "<group>";
		};
		81DCA5E004F83BB98F422ED1 /* Products */ = {
			isa = PBXGroup;
			children = (
				CF2235745374A40B549A8835 /* MyVisionApp.app */,
				C5014D8A9F0D16C69E2ACEA5 /* MyVisionAppTests.xctest */,
			);
			name = Products;
			sourceTree = "<group>";
		};
/* End PBXGroup section */

/* Begin PBXNativeTarget section */
		D04852E7B3883CE131C571C7 /* MyVisionAppTests */ = {
			isa = PBXNativeTarget;
			buildConfigurationList = C4749BB17E2DFA91EE224C0A /* Build configuration list for PBXNativeTarget "MyVisionAppTests" */;
			buildPhases = (
				E42737C4656C958E2701B8B2 /* Sources */,
			);
			buildRules = (
			);
			dependencies = (
				4A8BD672BB92A50AF889746F /* PBXTargetDependency */,
			);
			name = MyVisionAppTests;
			packageProductDependencies = (
			);
			productName = MyVisionAppTests;
			productReference = C5014D8A9F0D16C69E2ACEA5 /* MyVisionAppTests.xctest */;
			productType = "com.apple.product-type.bundle.unit-test";
		};
		E52EC99BC44891C5AA67F019 /* MyVisionApp */ = {
			isa = PBXNativeTarget;
			buildConfigurationList = D914F68D4BC7A54C40DCCC4A /* Build configuration list for PBXNativeTarget "MyVisionApp" */;
			buildPhases = (
				DBFA05CB9EA22BA2C0E02AB1 /* Sources */,
				FC1894D57A2AA5B7D8038F92 /* Frameworks */,
			);
			buildRules = (
			);
			dependencies = (
			);
			name = MyVisionApp;
			packageProductDependencies = (
				D9F70DD0F50636651AFC8D1A /* RealityKitContent */,
			);
			productName = MyVisionApp;
			productReference = CF2235745374A40B549A8835 /* MyVisionApp.app */;
			productType = "com.apple.product-type.application";
		};
/* End PBXNativeTarget section */

/* Begin PBXProject section */
		65B22056B8607DF9060BDB3F /* Project object */ = {
			isa = PBXProject;
			attributes = {
				BuildIndependentTargetsInParallel = YES;
				LastUpgradeCheck = 1430;
				TargetAttributes = {
					D04852E7B3883CE131C571C7 = {
						DevelopmentTeam = S8QWSSL8FP;
						ProvisioningStyle = Automatic;
					};
					E52EC99BC44891C5AA67F019 = {
						DevelopmentTeam = S8QWSSL8FP;
						ProvisioningStyle = Automatic;
					};
				};
			};
			buildConfigurationList = 5A0A856C2E77A4EA9327ACDF /* Build configuration list for PBXProject "MyVisionApp" */;
			developmentRegion = en;
			hasScannedForEncodings = 0;
			knownRegions = (
				Base,
				en,
			);
			mainGroup = 38C63E128ED64845AED6ED2D;
			minimizedProjectReferenceProxies = 1;
			packageReferences = (
				10C5CFBA34D6C2E89C4EC8FC /* XCLocalSwiftPackageReference "Packages/RealityKitContent" */,
			);
			preferredProjectObjectVersion = 77;
			productRefGroup = 81DCA5E004F83BB98F422ED1 /* Products */;
			projectDirPath = "";
			projectRoot = "";
			targets = (
				E52EC99BC44891C5AA67F019 /* MyVisionApp */,
				D04852E7B3883CE131C571C7 /* MyVisionAppTests */,
			);
		};
/* End PBXProject section */

/* Begin PBXSourcesBuildPhase section */
		DBFA05CB9EA22BA2C0E02AB1 /* Sources */ = {
			isa = PBXSourcesBuildPhase;
			buildActionMask = 2147483647;
			files = (
				DB2C480EB011335578DD22A9 /* ContentView.swift in Sources */,
				EBE30BF4BB2B0C161D7CA562 /* MyVisionAppApp.swift in Sources */,
			);
			runOnlyForDeploymentPostprocessing = 0;
		};
		E42737C4656C958E2701B8B2 /* Sources */ = {
			isa = PBXSourcesBuildPhase;
			buildActionMask = 2147483647;
			files = (
				E601CCEC390CB285311FFA9A /* MyVisionAppTests.swift in Sources */,
			);
			runOnlyForDeploymentPostprocessing = 0;
		};
/* End PBXSourcesBuildPhase section */

/* Begin PBXTargetDependency section */
		4A8BD672BB92A50AF889746F /* PBXTargetDependency */ = {
			isa = PBXTargetDependency;
			target = E52EC99BC44891C5AA67F019 /* MyVisionApp */;
			targetProxy = 65FF8B405509F81AA60B8149 /* PBXContainerItemProxy */;
		};
/* End PBXTargetDependency section */

/* Begin XCBuildConfiguration section */
		091D5784942E0E40F6C5425C /* Debug */ = {
			isa = XCBuildConfiguration;
			buildSettings = {
				BUNDLE_LOADER = "$(TEST_HOST)";
				CODE_SIGN_STYLE = Automatic;
				DEVELOPMENT_TEAM = S8QWSSL8FP;
				LD_RUNPATH_SEARCH_PATHS = (
					"$(inherited)",
					"@executable_path/Frameworks",
					"@loader_path/Frameworks",
				);
				PRODUCT_BUNDLE_IDENTIFIER = com.yourcompany.myvisionapp.tests;
				SDKROOT = xros;
				TARGETED_DEVICE_FAMILY = 7;
				TEST_HOST = "$(BUILT_PRODUCTS_DIR)/MyVisionApp.app/MyVisionApp";
			};
			name = Debug;
		};
		611F50A5F58F00DFA06AB0AF /* Release */ = {
			isa = XCBuildConfiguration;
			buildSettings = {
				ASSETCATALOG_COMPILER_APPICON_NAME = AppIcon;
				CODE_SIGN_STYLE = Automatic;
				CURRENT_PROJECT_VERSION = 1;
				DEVELOPMENT_TEAM = S8QWSSL8FP;
				INFOPLIST_FILE = MyVisionApp/Info.plist;
				LD_RUNPATH_SEARCH_PATHS = (
					"$(inherited)",
					"@executable_path/Frameworks",
				);
				MARKETING_VERSION = 1.0.0;
				PRODUCT_BUNDLE_IDENTIFIER = com.yourcompany.MyVisionApp;
				PRODUCT_NAME = MyVisionApp;
				SDKROOT = xros;
				SWIFT_COMPILATION_MODE = wholemodule;
				SWIFT_EMIT_LOC_STRINGS = YES;
				"SWIFT_OPTIMIZATION_LEVEL[config=Debug]" = "-Onone";
				"SWIFT_OPTIMIZATION_LEVEL[config=Release]" = "-Owholemodule";
				TARGETED_DEVICE_FAMILY = 7;
			};
			name = Release;
		};
		6DD2676099A173E987D1B341 /* Debug */ = {
			isa = XCBuildConfiguration;
			buildSettings = {
				ASSETCATALOG_COMPILER_APPICON_NAME = AppIcon;
				CODE_SIGN_STYLE = Automatic;
				CURRENT_PROJECT_VERSION = 1;
				DEVELOPMENT_TEAM = S8QWSSL8FP;
				ENABLE_TESTABILITY = YES;
				INFOPLIST_FILE = MyVisionApp/Info.plist;
				LD_RUNPATH_SEARCH_PATHS = (
					"$(inherited)",
					"@executable_path/Frameworks",
				);
				MARKETING_VERSION = 1.0.0;
				PRODUCT_BUNDLE_IDENTIFIER = com.yourcompany.MyVisionApp;
				PRODUCT_NAME = MyVisionApp;
				SDKROOT = xros;
				SWIFT_ACTIVE_COMPILATION_CONDITIONS = DEBUG;
				SWIFT_EMIT_LOC_STRINGS = YES;
				"SWIFT_OPTIMIZATION_LEVEL[config=Debug]" = "-Onone";
				"SWIFT_OPTIMIZATION_LEVEL[config=Release]" = "-Owholemodule";
				TARGETED_DEVICE_FAMILY = 7;
			};
			name = Debug;
		};
		6E80A1DDD245B2E7E6975B17 /* Release */ = {
			isa = XCBuildConfiguration;
			buildSettings = {
				BUNDLE_LOADER = "$(TEST_HOST)";
				CODE_SIGN_STYLE = Automatic;
				DEVELOPMENT_TEAM = S8QWSSL8FP;
				LD_RUNPATH_SEARCH_PATHS = (
					"$(inherited)",
					"@executable_path/Frameworks",
					"@loader_path/Frameworks",
				);
				PRODUCT_BUNDLE_IDENTIFIER = com.yourcompany.myvisionapp.tests;
				SDKROOT = xros;
				TARGETED_DEVICE_FAMILY = 7;
				TEST_HOST = "$(BUILT_PRODUCTS_DIR)/MyVisionApp.app/MyVisionApp";
			};
			name = Release;
		};
		91CEF0774CDDED9CAF9887CB /* Debug */ = {
			isa = XCBuildConfiguration;
			buildSettings = {
				ALWAYS_SEARCH_USER_PATHS = NO;
				CLANG_ANALYZER_NONNULL = YES;
				CLANG_ANALYZER_NUMBER_OBJECT_CONVERSION = YES_AGGRESSIVE;
				CLANG_CXX_LANGUAGE_STANDARD = "gnu++14";
				CLANG_CXX_LIBRARY = "libc++";
				CLANG_ENABLE_MODULES = YES;
				CLANG_ENABLE_OBJC_ARC = YES;
				CLANG_ENABLE_OBJC_WEAK = YES;
				CLANG_WARN_BLOCK_CAPTURE_AUTORELEASING = YES;
				CLANG_WARN_BOOL_CONVERSION = YES;
				CLANG_WARN_COMMA = YES;
				CLANG_WARN_CONSTANT_CONVERSION = YES;
				CLANG_WARN_DEPRECATED_OBJC_IMPLEMENTATIONS = YES;
				CLANG_WARN_DIRECT_OBJC_ISA_USAGE = YES_ERROR;
				CLANG_WARN_DOCUMENTATION_COMMENTS = YES;
				CLANG_WARN_EMPTY_BODY = YES;
				CLANG_WARN_ENUM_CONVERSION = YES;
				CLANG_WARN_INFINITE_RECURSION = YES;
				CLANG_WARN_INT_CONVERSION = YES;
				CLANG_WARN_NON_LITERAL_NULL_CONVERSION = YES;
				CLANG_WARN_OBJC_IMPLICIT_RETAIN_SELF = YES;
				CLANG_WARN_OBJC_LITERAL_CONVERSION = YES;
				CLANG_WARN_OBJC_ROOT_CLASS = YES_ERROR;
				CLANG_WARN_QUOTED_INCLUDE_IN_FRAMEWORK_HEADER = YES;
				CLANG_WARN_RANGE_LOOP_ANALYSIS = YES;
				CLANG_WARN_STRICT_PROTOTYPES = YES;
				CLANG_WARN_SUSPICIOUS_MOVE = YES;
				CLANG_WARN_UNGUARDED_AVAILABILITY = YES_AGGRESSIVE;
				CLANG_WARN_UNREACHABLE_CODE = YES;
				CLANG_WARN__DUPLICATE_METHOD_MATCH = YES;
				COPY_PHASE_STRIP = NO;
				DEAD_CODE_STRIPPING = YES;
				DEBUG_INFORMATION_FORMAT = dwarf;
				ENABLE_STRICT_OBJC_MSGSEND = YES;
				ENABLE_TESTABILITY = YES;
				ENABLE_USER_SCRIPT_SANDBOXING = YES;
				GCC_C_LANGUAGE_STANDARD = gnu11;
				GCC_DYNAMIC_NO_PIC = NO;
				GCC_NO_COMMON_BLOCKS = YES;
				GCC_OPTIMIZATION_LEVEL = 0;
				GCC_PREPROCESSOR_DEFINITIONS = (
					"$(inherited)",
					"DEBUG=1",
				);
				GCC_WARN_64_TO_32_BIT_CONVERSION = YES;
				GCC_WARN_ABOUT_RETURN_TYPE = YES_ERROR;
				GCC_WARN_UNDECLARED_SELECTOR = YES;
				GCC_WARN_UNINITIALIZED_AUTOS = YES_AGGRESSIVE;
				GCC_WARN_UNUSED_FUNCTION = YES;
				GCC_WARN_UNUSED_VARIABLE = YES;
				MTL_ENABLE_DEBUG_INFO = INCLUDE_SOURCE;
				MTL_FAST_MATH = YES;
				ONLY_ACTIVE_ARCH = YES;
				PRODUCT_NAME = "$(TARGET_NAME)";
				SDKROOT = xros;
				SWIFT_ACTIVE_COMPILATION_CONDITIONS = DEBUG;
				SWIFT_OPTIMIZATION_LEVEL = "-Onone";
				SWIFT_STRICT_CONCURRENCY = complete;
				SWIFT_VERSION = 6.0;
				XROS_DEPLOYMENT_TARGET = 26.0;
			};
			name = Debug;
		};
		CB22DB741A14F432E671CFCA /* Release */ = {
			isa = XCBuildConfiguration;
			buildSettings = {
				ALWAYS_SEARCH_USER_PATHS = NO;
				CLANG_ANALYZER_NONNULL = YES;
				CLANG_ANALYZER_NUMBER_OBJECT_CONVERSION = YES_AGGRESSIVE;
				CLANG_CXX_LANGUAGE_STANDARD = "gnu++14";
				CLANG_CXX_LIBRARY = "libc++";
				CLANG_ENABLE_MODULES = YES;
				CLANG_ENABLE_OBJC_ARC = YES;
				CLANG_ENABLE_OBJC_WEAK = YES;
				CLANG_WARN_BLOCK_CAPTURE_AUTORELEASING = YES;
				CLANG_WARN_BOOL_CONVERSION = YES;
				CLANG_WARN_COMMA = YES;
				CLANG_WARN_CONSTANT_CONVERSION = YES;
				CLANG_WARN_DEPRECATED_OBJC_IMPLEMENTATIONS = YES;
				CLANG_WARN_DIRECT_OBJC_ISA_USAGE = YES_ERROR;
				CLANG_WARN_DOCUMENTATION_COMMENTS = YES;
				CLANG_WARN_EMPTY_BODY = YES;
				CLANG_WARN_ENUM_CONVERSION = YES;
				CLANG_WARN_INFINITE_RECURSION = YES;
				CLANG_WARN_INT_CONVERSION = YES;
				CLANG_WARN_NON_LITERAL_NULL_CONVERSION = YES;
				CLANG_WARN_OBJC_IMPLICIT_RETAIN_SELF = YES;
				CLANG_WARN_OBJC_LITERAL_CONVERSION = YES;
				CLANG_WARN_OBJC_ROOT_CLASS = YES_ERROR;
				CLANG_WARN_QUOTED_INCLUDE_IN_FRAMEWORK_HEADER = YES;
				CLANG_WARN_RANGE_LOOP_ANALYSIS = YES;
				CLANG_WARN_STRICT_PROTOTYPES = YES;
				CLANG_WARN_SUSPICIOUS_MOVE = YES;
				CLANG_WARN_UNGUARDED_AVAILABILITY = YES_AGGRESSIVE;
				CLANG_WARN_UNREACHABLE_CODE = YES;
				CLANG_WARN__DUPLICATE_METHOD_MATCH = YES;
				COPY_PHASE_STRIP = NO;
				DEAD_CODE_STRIPPING = YES;
				DEBUG_INFORMATION_FORMAT = "dwarf-with-dsym";
				ENABLE_NS_ASSERTIONS = NO;
				ENABLE_STRICT_OBJC_MSGSEND = YES;
				ENABLE_USER_SCRIPT_SANDBOXING = YES;
				GCC_C_LANGUAGE_STANDARD = gnu11;
				GCC_NO_COMMON_BLOCKS = YES;
				GCC_WARN_64_TO_32_BIT_CONVERSION = YES;
				GCC_WARN_ABOUT_RETURN_TYPE = YES_ERROR;
				GCC_WARN_UNDECLARED_SELECTOR = YES;
				GCC_WARN_UNINITIALIZED_AUTOS = YES_AGGRESSIVE;
				GCC_WARN_UNUSED_FUNCTION = YES;
				GCC_WARN_UNUSED_VARIABLE = YES;
				MTL_ENABLE_DEBUG_INFO = NO;
				MTL_FAST_MATH = YES;
				PRODUCT_NAME = "$(TARGET_NAME)";
				SDKROOT = xros;
				SWIFT_COMPILATION_MODE = wholemodule;
				SWIFT_OPTIMIZATION_LEVEL = "-O";
				SWIFT_STRICT_CONCURRENCY = complete;
				SWIFT_VERSION = 6.0;
				XROS_DEPLOYMENT_TARGET = 26.0;
			};
			name = Release;
		};
/* End XCBuildConfiguration section */

/* Begin XCConfigurationList section */
		5A0A856C2E77A4EA9327ACDF /* Build configuration list for PBXProject "MyVisionApp" */ = {
			isa = XCConfigurationList;
			buildConfigurations = (
				91CEF0774CDDED9CAF9887CB /* Debug */,
				CB22DB741A14F432E671CFCA /* Release */,
			);
			defaultConfigurationIsVisible = 0;
			defaultConfigurationName = Debug;
		};
		C4749BB17E2DFA91EE224C0A /* Build configuration list for PBXNativeTarget "MyVisionAppTests" */ = {
			isa = XCConfigurationList;
			buildConfigurations = (
				091D5784942E0E40F6C5425C /* Debug */,
				6E80A1DDD245B2E7E6975B17 /* Release */,
			);
			defaultConfigurationIsVisible = 0;
			defaultConfigurationName = Debug;
		};
		D914F68D4BC7A54C40DCCC4A /* Build configuration list for PBXNativeTarget "MyVisionApp" */ = {
			isa = XCConfigurationList;
			buildConfigurations = (
				6DD2676099A173E987D1B341 /* Debug */,
				611F50A5F58F00DFA06AB0AF /* Release */,
			);
			defaultConfigurationIsVisible = 0;
			defaultConfigurationName = Debug;
		};
/* End XCConfigurationList section */

/* Begin XCLocalSwiftPackageReference section */
		10C5CFBA34D6C2E89C4EC8FC /* XCLocalSwiftPackageReference "Packages/RealityKitContent" */ = {
			isa = XCLocalSwiftPackageReference;
			relativePath = Packages/RealityKitContent;
		};
/* End XCLocalSwiftPackageReference section */

/* Begin XCSwiftPackageProductDependency section */
		D9F70DD0F50636651AFC8D1A /* RealityKitContent */ = {
			isa = XCSwiftPackageProductDependency;
			productName = RealityKitContent;
		};
/* End XCSwiftPackageProductDependency section */
	};
	rootObject = 65B22056B8607DF9060BDB3F /* Project object */;
}
